// !$*UTF8*$!
{
	archiveVersion = 1;
	classes = {
	};
	objectVersion = 48;
	objects = {

/* Begin PBXBuildFile section */
		3316A6F958061BD733CE5DDB /* Pods_WB.framework in Frameworks */ = {isa = PBXBuildFile; fileRef = 2D944B0B1EE6003207882315 /* Pods_WB.framework */; };
		DD34F79E202FFCFF00D21A36 /* UIColor+Addtions.swift in Sources */ = {isa = PBXBuildFile; fileRef = DD34F79D202FFCFF00D21A36 /* UIColor+Addtions.swift */; };
		DD62DEFD202FDDEC0098AD95 /* Bundle+Extentions.swift in Sources */ = {isa = PBXBuildFile; fileRef = DD62DEFC202FDDEC0098AD95 /* Bundle+Extentions.swift */; };
		DD7F5DFE20357A3E00EE1D49 /* WBNetWorkManger.swift in Sources */ = {isa = PBXBuildFile; fileRef = DD7F5DFD20357A3E00EE1D49 /* WBNetWorkManger.swift */; };
		DD9D5CD6202A93B300C16CC4 /* AppDelegate.swift in Sources */ = {isa = PBXBuildFile; fileRef = DD9D5CD5202A93B300C16CC4 /* AppDelegate.swift */; };
		DD9D5CDD202A93B300C16CC4 /* Assets.xcassets in Resources */ = {isa = PBXBuildFile; fileRef = DD9D5CDC202A93B300C16CC4 /* Assets.xcassets */; };
		DD9D5CE0202A93B300C16CC4 /* LaunchScreen.storyboard in Resources */ = {isa = PBXBuildFile; fileRef = DD9D5CDE202A93B300C16CC4 /* LaunchScreen.storyboard */; };
		DD9D5CEB202A93B300C16CC4 /* WBTests.swift in Sources */ = {isa = PBXBuildFile; fileRef = DD9D5CEA202A93B300C16CC4 /* WBTests.swift */; };
		DD9D5CF6202A93B300C16CC4 /* WBUITests.swift in Sources */ = {isa = PBXBuildFile; fileRef = DD9D5CF5202A93B300C16CC4 /* WBUITests.swift */; };
		DD9D5D29202ACCB500C16CC4 /* WBTabbarViewController.swift in Sources */ = {isa = PBXBuildFile; fileRef = DD9D5D28202ACCB500C16CC4 /* WBTabbarViewController.swift */; };
		DD9D5D2B202ACCE500C16CC4 /* WBNavMianController.swift in Sources */ = {isa = PBXBuildFile; fileRef = DD9D5D2A202ACCE500C16CC4 /* WBNavMianController.swift */; };
		DD9D5D2D202ACCFB00C16CC4 /* WBBaseViewController.swift in Sources */ = {isa = PBXBuildFile; fileRef = DD9D5D2C202ACCFB00C16CC4 /* WBBaseViewController.swift */; };
		DD9D5D31202ACD8000C16CC4 /* WBHomeViewController.swift in Sources */ = {isa = PBXBuildFile; fileRef = DD9D5D30202ACD8000C16CC4 /* WBHomeViewController.swift */; };
		DD9F29D320395D620084F599 /* WBStatuesListViewModel.swift in Sources */ = {isa = PBXBuildFile; fileRef = DD9F29D220395D620084F599 /* WBStatuesListViewModel.swift */; };
		DD9F29D520395E6A0084F599 /* WBStatuesListModel.swift in Sources */ = {isa = PBXBuildFile; fileRef = DD9F29D420395E6A0084F599 /* WBStatuesListModel.swift */; };
		DDA37FF620406B9900BDD7A8 /* WBLoginViewController.swift in Sources */ = {isa = PBXBuildFile; fileRef = DDA37FF520406B9900BDD7A8 /* WBLoginViewController.swift */; };
		DDA37FF820406D7600BDD7A8 /* WBCommon.swift in Sources */ = {isa = PBXBuildFile; fileRef = DDA37FF720406D7600BDD7A8 /* WBCommon.swift */; };
		DDA474B4202FF585004EE6E3 /* WBMessageController.swift in Sources */ = {isa = PBXBuildFile; fileRef = DDA474B3202FF585004EE6E3 /* WBMessageController.swift */; };
		DDA474B8202FF5AA004EE6E3 /* WBProfileController.swift in Sources */ = {isa = PBXBuildFile; fileRef = DDA474B7202FF5AA004EE6E3 /* WBProfileController.swift */; };
		DDA474BA202FF5FE004EE6E3 /* WBDiscoverController.swift in Sources */ = {isa = PBXBuildFile; fileRef = DDA474B9202FF5FE004EE6E3 /* WBDiscoverController.swift */; };
		DDE45CE12037E4110087E787 /* WBNetWorkManger+Extention.swift in Sources */ = {isa = PBXBuildFile; fileRef = DDE45CE02037E4110087E787 /* WBNetWorkManger+Extention.swift */; };
		DDFDA2BD2039A5C0001B68EB /* WBStatueModel.m in Sources */ = {isa = PBXBuildFile; fileRef = DDFDA2BC2039A5C0001B68EB /* WBStatueModel.m */; };
		DDFDBD6220302A96002F9013 /* WBDemoViewController.swift in Sources */ = {isa = PBXBuildFile; fileRef = DDFDBD6120302A96002F9013 /* WBDemoViewController.swift */; };
		DDFDBD6520303E49002F9013 /* UIBarButtonItem+Extention.swift in Sources */ = {isa = PBXBuildFile; fileRef = DDFDBD6420303E49002F9013 /* UIBarButtonItem+Extention.swift */; };
		DDFDBD682032EBB5002F9013 /* WBVisterView.swift in Sources */ = {isa = PBXBuildFile; fileRef = DDFDBD672032EBB5002F9013 /* WBVisterView.swift */; };
/* End PBXBuildFile section */

/* Begin PBXContainerItemProxy section */
		DD9D5CE7202A93B300C16CC4 /* PBXContainerItemProxy */ = {
			isa = PBXContainerItemProxy;
			containerPortal = DD9D5CCA202A93B300C16CC4 /* Project object */;
			proxyType = 1;
			remoteGlobalIDString = DD9D5CD1202A93B300C16CC4;
			remoteInfo = WB;
		};
		DD9D5CF2202A93B300C16CC4 /* PBXContainerItemProxy */ = {
			isa = PBXContainerItemProxy;
			containerPortal = DD9D5CCA202A93B300C16CC4 /* Project object */;
			proxyType = 1;
			remoteGlobalIDString = DD9D5CD1202A93B300C16CC4;
			remoteInfo = WB;
		};
/* End PBXContainerItemProxy section */

/* Begin PBXFileReference section */
		2D944B0B1EE6003207882315 /* Pods_WB.framework */ = {isa = PBXFileReference; explicitFileType = wrapper.framework; includeInIndex = 0; path = Pods_WB.framework; sourceTree = BUILT_PRODUCTS_DIR; };
		48D870C9AB2B8C78545FEBC1 /* Pods-WB.debug.xcconfig */ = {isa = PBXFileReference; includeInIndex = 1; lastKnownFileType = text.xcconfig; name = "Pods-WB.debug.xcconfig"; path = "Pods/Target Support Files/Pods-WB/Pods-WB.debug.xcconfig"; sourceTree = "<group>"; };
		59B27E31F8A67A901E0BA951 /* Pods-WB.release.xcconfig */ = {isa = PBXFileReference; includeInIndex = 1; lastKnownFileType = text.xcconfig; name = "Pods-WB.release.xcconfig"; path = "Pods/Target Support Files/Pods-WB/Pods-WB.release.xcconfig"; sourceTree = "<group>"; };
		DD34F79D202FFCFF00D21A36 /* UIColor+Addtions.swift */ = {isa = PBXFileReference; fileEncoding = 4; lastKnownFileType = sourcecode.swift; path = "UIColor+Addtions.swift"; sourceTree = "<group>"; };
		DD62DEFC202FDDEC0098AD95 /* Bundle+Extentions.swift */ = {isa = PBXFileReference; lastKnownFileType = sourcecode.swift; path = "Bundle+Extentions.swift"; sourceTree = "<group>"; };
		DD7F5DFD20357A3E00EE1D49 /* WBNetWorkManger.swift */ = {isa = PBXFileReference; lastKnownFileType = sourcecode.swift; path = WBNetWorkManger.swift; sourceTree = "<group>"; };
		DD9D5CD2202A93B300C16CC4 /* WB.app */ = {isa = PBXFileReference; explicitFileType = wrapper.application; includeInIndex = 0; path = WB.app; sourceTree = BUILT_PRODUCTS_DIR; };
		DD9D5CD5202A93B300C16CC4 /* AppDelegate.swift */ = {isa = PBXFileReference; lastKnownFileType = sourcecode.swift; path = AppDelegate.swift; sourceTree = "<group>"; };
		DD9D5CDC202A93B300C16CC4 /* Assets.xcassets */ = {isa = PBXFileReference; lastKnownFileType = folder.assetcatalog; path = Assets.xcassets; sourceTree = "<group>"; };
		DD9D5CDF202A93B300C16CC4 /* Base */ = {isa = PBXFileReference; lastKnownFileType = file.storyboard; name = Base; path = Base.lproj/LaunchScreen.storyboard; sourceTree = "<group>"; };
		DD9D5CE1202A93B300C16CC4 /* Info.plist */ = {isa = PBXFileReference; lastKnownFileType = text.plist.xml; path = Info.plist; sourceTree = "<group>"; };
		DD9D5CE6202A93B300C16CC4 /* WBTests.xctest */ = {isa = PBXFileReference; explicitFileType = wrapper.cfbundle; includeInIndex = 0; path = WBTests.xctest; sourceTree = BUILT_PRODUCTS_DIR; };
		DD9D5CEA202A93B300C16CC4 /* WBTests.swift */ = {isa = PBXFileReference; lastKnownFileType = sourcecode.swift; path = WBTests.swift; sourceTree = "<group>"; };
		DD9D5CEC202A93B300C16CC4 /* Info.plist */ = {isa = PBXFileReference; lastKnownFileType = text.plist.xml; path = Info.plist; sourceTree = "<group>"; };
		DD9D5CF1202A93B300C16CC4 /* WBUITests.xctest */ = {isa = PBXFileReference; explicitFileType = wrapper.cfbundle; includeInIndex = 0; path = WBUITests.xctest; sourceTree = BUILT_PRODUCTS_DIR; };
		DD9D5CF5202A93B300C16CC4 /* WBUITests.swift */ = {isa = PBXFileReference; lastKnownFileType = sourcecode.swift; path = WBUITests.swift; sourceTree = "<group>"; };
		DD9D5CF7202A93B300C16CC4 /* Info.plist */ = {isa = PBXFileReference; lastKnownFileType = text.plist.xml; path = Info.plist; sourceTree = "<group>"; };
		DD9D5D28202ACCB500C16CC4 /* WBTabbarViewController.swift */ = {isa = PBXFileReference; lastKnownFileType = sourcecode.swift; path = WBTabbarViewController.swift; sourceTree = "<group>"; };
		DD9D5D2A202ACCE500C16CC4 /* WBNavMianController.swift */ = {isa = PBXFileReference; lastKnownFileType = sourcecode.swift; path = WBNavMianController.swift; sourceTree = "<group>"; };
		DD9D5D2C202ACCFB00C16CC4 /* WBBaseViewController.swift */ = {isa = PBXFileReference; lastKnownFileType = sourcecode.swift; path = WBBaseViewController.swift; sourceTree = "<group>"; };
		DD9D5D30202ACD8000C16CC4 /* WBHomeViewController.swift */ = {isa = PBXFileReference; lastKnownFileType = sourcecode.swift; path = WBHomeViewController.swift; sourceTree = "<group>"; };
		DD9F29D220395D620084F599 /* WBStatuesListViewModel.swift */ = {isa = PBXFileReference; lastKnownFileType = sourcecode.swift; path = WBStatuesListViewModel.swift; sourceTree = "<group>"; };
		DD9F29D420395E6A0084F599 /* WBStatuesListModel.swift */ = {isa = PBXFileReference; lastKnownFileType = sourcecode.swift; path = WBStatuesListModel.swift; sourceTree = "<group>"; };
		DDA37FF520406B9900BDD7A8 /* WBLoginViewController.swift */ = {isa = PBXFileReference; lastKnownFileType = sourcecode.swift; path = WBLoginViewController.swift; sourceTree = "<group>"; };
		DDA37FF720406D7600BDD7A8 /* WBCommon.swift */ = {isa = PBXFileReference; lastKnownFileType = sourcecode.swift; path = WBCommon.swift; sourceTree = "<group>"; };
		DDA474B3202FF585004EE6E3 /* WBMessageController.swift */ = {isa = PBXFileReference; lastKnownFileType = sourcecode.swift; path = WBMessageController.swift; sourceTree = "<group>"; };
		DDA474B7202FF5AA004EE6E3 /* WBProfileController.swift */ = {isa = PBXFileReference; lastKnownFileType = sourcecode.swift; path = WBProfileController.swift; sourceTree = "<group>"; };
		DDA474B9202FF5FE004EE6E3 /* WBDiscoverController.swift */ = {isa = PBXFileReference; lastKnownFileType = sourcecode.swift; path = WBDiscoverController.swift; sourceTree = "<group>"; };
		DDE45CE02037E4110087E787 /* WBNetWorkManger+Extention.swift */ = {isa = PBXFileReference; lastKnownFileType = sourcecode.swift; path = "WBNetWorkManger+Extention.swift"; sourceTree = "<group>"; };
		DDFDA2B720396A16001B68EB /* WB-Bridging-Header.h */ = {isa = PBXFileReference; lastKnownFileType = sourcecode.c.h; name = "WB-Bridging-Header.h"; path = "Class/ViewModel((视图模型))/WB-Bridging-Header.h"; sourceTree = "<group>"; };
		DDFDA2BB2039A5C0001B68EB /* WBStatueModel.h */ = {isa = PBXFileReference; lastKnownFileType = sourcecode.c.h; path = WBStatueModel.h; sourceTree = "<group>"; };
		DDFDA2BC2039A5C0001B68EB /* WBStatueModel.m */ = {isa = PBXFileReference; lastKnownFileType = sourcecode.c.objc; path = WBStatueModel.m; sourceTree = "<group>"; };
		DDFDBD6120302A96002F9013 /* WBDemoViewController.swift */ = {isa = PBXFileReference; lastKnownFileType = sourcecode.swift; path = WBDemoViewController.swift; sourceTree = "<group>"; };
		DDFDBD6420303E49002F9013 /* UIBarButtonItem+Extention.swift */ = {isa = PBXFileReference; lastKnownFileType = sourcecode.swift; path = "UIBarButtonItem+Extention.swift"; sourceTree = "<group>"; };
		DDFDBD672032EBB5002F9013 /* WBVisterView.swift */ = {isa = PBXFileReference; lastKnownFileType = sourcecode.swift; path = WBVisterView.swift; sourceTree = "<group>"; };
/* End PBXFileReference section */

/* Begin PBXFrameworksBuildPhase section */
		DD9D5CCF202A93B300C16CC4 /* Frameworks */ = {
			isa = PBXFrameworksBuildPhase;
			buildActionMask = 2147483647;
			files = (
				3316A6F958061BD733CE5DDB /* Pods_WB.framework in Frameworks */,
			);
			runOnlyForDeploymentPostprocessing = 0;
		};
		DD9D5CE3202A93B300C16CC4 /* Frameworks */ = {
			isa = PBXFrameworksBuildPhase;
			buildActionMask = 2147483647;
			files = (
			);
			runOnlyForDeploymentPostprocessing = 0;
		};
		DD9D5CEE202A93B300C16CC4 /* Frameworks */ = {
			isa = PBXFrameworksBuildPhase;
			buildActionMask = 2147483647;
			files = (
			);
			runOnlyForDeploymentPostprocessing = 0;
		};
/* End PBXFrameworksBuildPhase section */

/* Begin PBXGroup section */
		7C9B05226F4110EE20B7E9A0 /* Pods */ = {
			isa = PBXGroup;
			children = (
				48D870C9AB2B8C78545FEBC1 /* Pods-WB.debug.xcconfig */,
				59B27E31F8A67A901E0BA951 /* Pods-WB.release.xcconfig */,
			);
			name = Pods;
			sourceTree = "<group>";
		};
		DD62DEF9202FDD580098AD95 /* Extentions(swift) */ = {
			isa = PBXGroup;
			children = (
				DD34F79D202FFCFF00D21A36 /* UIColor+Addtions.swift */,
				DD62DEFC202FDDEC0098AD95 /* Bundle+Extentions.swift */,
				DDFDBD6420303E49002F9013 /* UIBarButtonItem+Extention.swift */,
			);
			path = "Extentions(swift)";
			sourceTree = "<group>";
		};
		DD788ECC2032ED8400651952 /* 主控制器 */ = {
			isa = PBXGroup;
			children = (
				DD9D5D28202ACCB500C16CC4 /* WBTabbarViewController.swift */,
				DD9D5D2A202ACCE500C16CC4 /* WBNavMianController.swift */,
			);
			path = "主控制器";
			sourceTree = "<group>";
		};
		DD7F5DFC20357A1000EE1D49 /* NetWork */ = {
			isa = PBXGroup;
			children = (
				DD7F5DFD20357A3E00EE1D49 /* WBNetWorkManger.swift */,
				DDE45CE02037E4110087E787 /* WBNetWorkManger+Extention.swift */,
			);
			path = NetWork;
			sourceTree = "<group>";
		};
		DD9D5CC9202A93B300C16CC4 = {
			isa = PBXGroup;
			children = (
				DD9D5CD4202A93B300C16CC4 /* WB */,
				DD9D5CE9202A93B300C16CC4 /* WBTests */,
				DD9D5CF4202A93B300C16CC4 /* WBUITests */,
				DD9D5CD3202A93B300C16CC4 /* Products */,
				7C9B05226F4110EE20B7E9A0 /* Pods */,
				FF785E4FDE9111CC825002CA /* Frameworks */,
			);
			sourceTree = "<group>";
		};
		DD9D5CD3202A93B300C16CC4 /* Products */ = {
			isa = PBXGroup;
			children = (
				DD9D5CD2202A93B300C16CC4 /* WB.app */,
				DD9D5CE6202A93B300C16CC4 /* WBTests.xctest */,
				DD9D5CF1202A93B300C16CC4 /* WBUITests.xctest */,
			);
			name = Products;
			sourceTree = "<group>";
		};
		DD9D5CD4202A93B300C16CC4 /* WB */ = {
			isa = PBXGroup;
			children = (
				DDFDA2B720396A16001B68EB /* WB-Bridging-Header.h */,
				DD9D5D1E202AAE9D00C16CC4 /* Class */,
				DD9D5CD5202A93B300C16CC4 /* AppDelegate.swift */,
				DD9D5CDC202A93B300C16CC4 /* Assets.xcassets */,
				DD9D5CDE202A93B300C16CC4 /* LaunchScreen.storyboard */,
				DD9D5CE1202A93B300C16CC4 /* Info.plist */,
			);
			path = WB;
			sourceTree = "<group>";
		};
		DD9D5CE9202A93B300C16CC4 /* WBTests */ = {
			isa = PBXGroup;
			children = (
				DD9D5CEA202A93B300C16CC4 /* WBTests.swift */,
				DD9D5CEC202A93B300C16CC4 /* Info.plist */,
			);
			path = WBTests;
			sourceTree = "<group>";
		};
		DD9D5CF4202A93B300C16CC4 /* WBUITests */ = {
			isa = PBXGroup;
			children = (
				DD9D5CF5202A93B300C16CC4 /* WBUITests.swift */,
				DD9D5CF7202A93B300C16CC4 /* Info.plist */,
			);
			path = WBUITests;
			sourceTree = "<group>";
		};
		DD9D5D1E202AAE9D00C16CC4 /* Class */ = {
			isa = PBXGroup;
			children = (
				DD9D5D20202AAE9D00C16CC4 /* View(视图和视图控制器) */,
				DD9D5D1F202AAE9D00C16CC4 /* ViewModel((视图模型)) */,
				DD9D5D26202AAE9D00C16CC4 /* Model(模型) */,
				DD9D5D27202AAE9D00C16CC4 /* Tools(工具) */,
			);
			path = Class;
			sourceTree = "<group>";
		};
		DD9D5D1F202AAE9D00C16CC4 /* ViewModel((视图模型)) */ = {
			isa = PBXGroup;
			children = (
				DD9F29D220395D620084F599 /* WBStatuesListViewModel.swift */,
			);
			path = "ViewModel((视图模型))";
			sourceTree = "<group>";
		};
		DD9D5D20202AAE9D00C16CC4 /* View(视图和视图控制器) */ = {
			isa = PBXGroup;
			children = (
				DD9D5D25202AAE9D00C16CC4 /* Main */,
				DD9D5D21202AAE9D00C16CC4 /* Home */,
				DD9D5D23202AAE9D00C16CC4 /* Message */,
				DD9D5D22202AAE9D00C16CC4 /* Discover */,
				DD9D5D24202AAE9D00C16CC4 /* Profile */,
			);
			path = "View(视图和视图控制器)";
			sourceTree = "<group>";
		};
		DD9D5D21202AAE9D00C16CC4 /* Home */ = {
			isa = PBXGroup;
			children = (
				DD9D5D30202ACD8000C16CC4 /* WBHomeViewController.swift */,
			);
			path = Home;
			sourceTree = "<group>";
		};
		DD9D5D22202AAE9D00C16CC4 /* Discover */ = {
			isa = PBXGroup;
			children = (
				DDA474B9202FF5FE004EE6E3 /* WBDiscoverController.swift */,
			);
			path = Discover;
			sourceTree = "<group>";
		};
		DD9D5D23202AAE9D00C16CC4 /* Message */ = {
			isa = PBXGroup;
			children = (
				DDA474B3202FF585004EE6E3 /* WBMessageController.swift */,
			);
			path = Message;
			sourceTree = "<group>";
		};
		DD9D5D24202AAE9D00C16CC4 /* Profile */ = {
			isa = PBXGroup;
			children = (
				DDA474B7202FF5AA004EE6E3 /* WBProfileController.swift */,
			);
			path = Profile;
			sourceTree = "<group>";
		};
		DD9D5D25202AAE9D00C16CC4 /* Main */ = {
			isa = PBXGroup;
			children = (
				DDFDBD662032EB78002F9013 /* VisterView(访客视图) */,
				DDFDBD6020302A83002F9013 /* 测试 */,
				DD788ECC2032ED8400651952 /* 主控制器 */,
				DD9D5D2C202ACCFB00C16CC4 /* WBBaseViewController.swift */,
			);
			path = Main;
			sourceTree = "<group>";
		};
		DD9D5D26202AAE9D00C16CC4 /* Model(模型) */ = {
			isa = PBXGroup;
			children = (
				DD9F29D420395E6A0084F599 /* WBStatuesListModel.swift */,
				DDFDA2BB2039A5C0001B68EB /* WBStatueModel.h */,
				DDFDA2BC2039A5C0001B68EB /* WBStatueModel.m */,
			);
			path = "Model(模型)";
			sourceTree = "<group>";
		};
		DD9D5D27202AAE9D00C16CC4 /* Tools(工具) */ = {
			isa = PBXGroup;
			children = (
				DD7F5DFC20357A1000EE1D49 /* NetWork */,
				DDA6AA0A20300DF4003D058E /* Addtions(OC ) */,
				DD62DEF9202FDD580098AD95 /* Extentions(swift) */,
				DDA37FF720406D7600BDD7A8 /* WBCommon.swift */,
			);
			path = "Tools(工具)";
			sourceTree = "<group>";
		};
		DDA6AA0A20300DF4003D058E /* Addtions(OC ) */ = {
			isa = PBXGroup;
			children = (
			);
			path = "Addtions(OC )";
			sourceTree = "<group>";
		};
		DDFDBD6020302A83002F9013 /* 测试 */ = {
			isa = PBXGroup;
			children = (
				DDFDBD6120302A96002F9013 /* WBDemoViewController.swift */,
			);
			path = "测试";
			sourceTree = "<group>";
		};
		DDFDBD662032EB78002F9013 /* VisterView(访客视图) */ = {
			isa = PBXGroup;
			children = (
				DDFDBD672032EBB5002F9013 /* WBVisterView.swift */,
				DDA37FF520406B9900BDD7A8 /* WBLoginViewController.swift */,
			);
			path = "VisterView(访客视图)";
			sourceTree = "<group>";
		};
		FF785E4FDE9111CC825002CA /* Frameworks */ = {
			isa = PBXGroup;
			children = (
				2D944B0B1EE6003207882315 /* Pods_WB.framework */,
			);
			name = Frameworks;
			sourceTree = "<group>";
		};
/* End PBXGroup section */

/* Begin PBXNativeTarget section */
		DD9D5CD1202A93B300C16CC4 /* WB */ = {
			isa = PBXNativeTarget;
			buildConfigurationList = DD9D5CFA202A93B300C16CC4 /* Build configuration list for PBXNativeTarget "WB" */;
			buildPhases = (
				ECD32119DF07697E6800D68D /* [CP] Check Pods Manifest.lock */,
				DD9D5CCE202A93B300C16CC4 /* Sources */,
				DD9D5CCF202A93B300C16CC4 /* Frameworks */,
				DD9D5CD0202A93B300C16CC4 /* Resources */,
				1AD4DD6B5703C6FA99EEA41B /* [CP] Embed Pods Frameworks */,
				A19F815150BC5A076D686AEA /* [CP] Copy Pods Resources */,
			);
			buildRules = (
			);
			dependencies = (
			);
			name = WB;
			productName = WB;
			productReference = DD9D5CD2202A93B300C16CC4 /* WB.app */;
			productType = "com.apple.product-type.application";
		};
		DD9D5CE5202A93B300C16CC4 /* WBTests */ = {
			isa = PBXNativeTarget;
			buildConfigurationList = DD9D5CFD202A93B300C16CC4 /* Build configuration list for PBXNativeTarget "WBTests" */;
			buildPhases = (
				DD9D5CE2202A93B300C16CC4 /* Sources */,
				DD9D5CE3202A93B300C16CC4 /* Frameworks */,
				DD9D5CE4202A93B300C16CC4 /* Resources */,
			);
			buildRules = (
			);
			dependencies = (
				DD9D5CE8202A93B300C16CC4 /* PBXTargetDependency */,
			);
			name = WBTests;
			productName = WBTests;
			productReference = DD9D5CE6202A93B300C16CC4 /* WBTests.xctest */;
			productType = "com.apple.product-type.bundle.unit-test";
		};
		DD9D5CF0202A93B300C16CC4 /* WBUITests */ = {
			isa = PBXNativeTarget;
			buildConfigurationList = DD9D5D00202A93B300C16CC4 /* Build configuration list for PBXNativeTarget "WBUITests" */;
			buildPhases = (
				DD9D5CED202A93B300C16CC4 /* Sources */,
				DD9D5CEE202A93B300C16CC4 /* Frameworks */,
				DD9D5CEF202A93B300C16CC4 /* Resources */,
			);
			buildRules = (
			);
			dependencies = (
				DD9D5CF3202A93B300C16CC4 /* PBXTargetDependency */,
			);
			name = WBUITests;
			productName = WBUITests;
			productReference = DD9D5CF1202A93B300C16CC4 /* WBUITests.xctest */;
			productType = "com.apple.product-type.bundle.ui-testing";
		};
/* End PBXNativeTarget section */

/* Begin PBXProject section */
		DD9D5CCA202A93B300C16CC4 /* Project object */ = {
			isa = PBXProject;
			attributes = {
				CLASSPREFIX = WB;
				LastSwiftUpdateCheck = 0920;
				LastUpgradeCheck = 0920;
				ORGANIZATIONNAME = "yang'yang";
				TargetAttributes = {
					DD9D5CD1202A93B300C16CC4 = {
						CreatedOnToolsVersion = 9.2;
						LastSwiftMigration = 0920;
						ProvisioningStyle = Manual;
					};
					DD9D5CE5202A93B300C16CC4 = {
						CreatedOnToolsVersion = 9.2;
						ProvisioningStyle = Automatic;
						TestTargetID = DD9D5CD1202A93B300C16CC4;
					};
					DD9D5CF0202A93B300C16CC4 = {
						CreatedOnToolsVersion = 9.2;
						ProvisioningStyle = Automatic;
						TestTargetID = DD9D5CD1202A93B300C16CC4;
					};
				};
			};
			buildConfigurationList = DD9D5CCD202A93B300C16CC4 /* Build configuration list for PBXProject "WB" */;
			compatibilityVersion = "Xcode 8.0";
			developmentRegion = en;
			hasScannedForEncodings = 0;
			knownRegions = (
				en,
				Base,
			);
			mainGroup = DD9D5CC9202A93B300C16CC4;
			productRefGroup = DD9D5CD3202A93B300C16CC4 /* Products */;
			projectDirPath = "";
			projectRoot = "";
			targets = (
				DD9D5CD1202A93B300C16CC4 /* WB */,
				DD9D5CE5202A93B300C16CC4 /* WBTests */,
				DD9D5CF0202A93B300C16CC4 /* WBUITests */,
			);
		};
/* End PBXProject section */

/* Begin PBXResourcesBuildPhase section */
		DD9D5CD0202A93B300C16CC4 /* Resources */ = {
			isa = PBXResourcesBuildPhase;
			buildActionMask = 2147483647;
			files = (
				DD9D5CE0202A93B300C16CC4 /* LaunchScreen.storyboard in Resources */,
				DD9D5CDD202A93B300C16CC4 /* Assets.xcassets in Resources */,
			);
			runOnlyForDeploymentPostprocessing = 0;
		};
		DD9D5CE4202A93B300C16CC4 /* Resources */ = {
			isa = PBXResourcesBuildPhase;
			buildActionMask = 2147483647;
			files = (
			);
			runOnlyForDeploymentPostprocessing = 0;
		};
		DD9D5CEF202A93B300C16CC4 /* Resources */ = {
			isa = PBXResourcesBuildPhase;
			buildActionMask = 2147483647;
			files = (
			);
			runOnlyForDeploymentPostprocessing = 0;
		};
/* End PBXResourcesBuildPhase section */

/* Begin PBXShellScriptBuildPhase section */
		1AD4DD6B5703C6FA99EEA41B /* [CP] Embed Pods Frameworks */ = {
			isa = PBXShellScriptBuildPhase;
			buildActionMask = 2147483647;
			files = (
			);
			inputPaths = (
				"${SRCROOT}/Pods/Target Support Files/Pods-WB/Pods-WB-frameworks.sh",
				"${BUILT_PRODUCTS_DIR}/AFNetworking/AFNetworking.framework",
				"${BUILT_PRODUCTS_DIR}/Alamofire/Alamofire.framework",
				"${BUILT_PRODUCTS_DIR}/FMDB/FMDB.framework",
				"${BUILT_PRODUCTS_DIR}/SDWebImage/SDWebImage.framework",
				"${BUILT_PRODUCTS_DIR}/SVProgressHUD/SVProgressHUD.framework",
				"${BUILT_PRODUCTS_DIR}/SnapKit/SnapKit.framework",
				"${BUILT_PRODUCTS_DIR}/YYModel/YYModel.framework",
				"${BUILT_PRODUCTS_DIR}/pop/pop.framework",
			);
			name = "[CP] Embed Pods Frameworks";
			outputPaths = (
				"${TARGET_BUILD_DIR}/${FRAMEWORKS_FOLDER_PATH}/AFNetworking.framework",
				"${TARGET_BUILD_DIR}/${FRAMEWORKS_FOLDER_PATH}/Alamofire.framework",
				"${TARGET_BUILD_DIR}/${FRAMEWORKS_FOLDER_PATH}/FMDB.framework",
				"${TARGET_BUILD_DIR}/${FRAMEWORKS_FOLDER_PATH}/SDWebImage.framework",
				"${TARGET_BUILD_DIR}/${FRAMEWORKS_FOLDER_PATH}/SVProgressHUD.framework",
				"${TARGET_BUILD_DIR}/${FRAMEWORKS_FOLDER_PATH}/SnapKit.framework",
				"${TARGET_BUILD_DIR}/${FRAMEWORKS_FOLDER_PATH}/YYModel.framework",
				"${TARGET_BUILD_DIR}/${FRAMEWORKS_FOLDER_PATH}/pop.framework",
			);
			runOnlyForDeploymentPostprocessing = 0;
			shellPath = /bin/sh;
			shellScript = "\"${SRCROOT}/Pods/Target Support Files/Pods-WB/Pods-WB-frameworks.sh\"\n";
			showEnvVarsInLog = 0;
		};
		A19F815150BC5A076D686AEA /* [CP] Copy Pods Resources */ = {
			isa = PBXShellScriptBuildPhase;
			buildActionMask = 2147483647;
			files = (
			);
			inputPaths = (
			);
			name = "[CP] Copy Pods Resources";
			outputPaths = (
			);
			runOnlyForDeploymentPostprocessing = 0;
			shellPath = /bin/sh;
			shellScript = "\"${SRCROOT}/Pods/Target Support Files/Pods-WB/Pods-WB-resources.sh\"\n";
			showEnvVarsInLog = 0;
		};
		ECD32119DF07697E6800D68D /* [CP] Check Pods Manifest.lock */ = {
			isa = PBXShellScriptBuildPhase;
			buildActionMask = 2147483647;
			files = (
			);
			inputPaths = (
				"${PODS_PODFILE_DIR_PATH}/Podfile.lock",
				"${PODS_ROOT}/Manifest.lock",
			);
			name = "[CP] Check Pods Manifest.lock";
			outputPaths = (
				"$(DERIVED_FILE_DIR)/Pods-WB-checkManifestLockResult.txt",
			);
			runOnlyForDeploymentPostprocessing = 0;
			shellPath = /bin/sh;
			shellScript = "diff \"${PODS_PODFILE_DIR_PATH}/Podfile.lock\" \"${PODS_ROOT}/Manifest.lock\" > /dev/null\nif [ $? != 0 ] ; then\n    # print error to STDERR\n    echo \"error: The sandbox is not in sync with the Podfile.lock. Run 'pod install' or update your CocoaPods installation.\" >&2\n    exit 1\nfi\n# This output is used by Xcode 'outputs' to avoid re-running this script phase.\necho \"SUCCESS\" > \"${SCRIPT_OUTPUT_FILE_0}\"\n";
			showEnvVarsInLog = 0;
		};
/* End PBXShellScriptBuildPhase section */

/* Begin PBXSourcesBuildPhase section */
		DD9D5CCE202A93B300C16CC4 /* Sources */ = {
			isa = PBXSourcesBuildPhase;
			buildActionMask = 2147483647;
			files = (
				DDA37FF620406B9900BDD7A8 /* WBLoginViewController.swift in Sources */,
				DD62DEFD202FDDEC0098AD95 /* Bundle+Extentions.swift in Sources */,
				DD9F29D320395D620084F599 /* WBStatuesListViewModel.swift in Sources */,
				DD9D5D29202ACCB500C16CC4 /* WBTabbarViewController.swift in Sources */,
				DDA474B4202FF585004EE6E3 /* WBMessageController.swift in Sources */,
				DDFDA2BD2039A5C0001B68EB /* WBStatueModel.m in Sources */,
				DD7F5DFE20357A3E00EE1D49 /* WBNetWorkManger.swift in Sources */,
				DD9D5D31202ACD8000C16CC4 /* WBHomeViewController.swift in Sources */,
				DD9D5CD6202A93B300C16CC4 /* AppDelegate.swift in Sources */,
				DD34F79E202FFCFF00D21A36 /* UIColor+Addtions.swift in Sources */,
				DDFDBD682032EBB5002F9013 /* WBVisterView.swift in Sources */,
				DD9F29D520395E6A0084F599 /* WBStatuesListModel.swift in Sources */,
				DD9D5D2B202ACCE500C16CC4 /* WBNavMianController.swift in Sources */,
				DDA474B8202FF5AA004EE6E3 /* WBProfileController.swift in Sources */,
				DDFDBD6220302A96002F9013 /* WBDemoViewController.swift in Sources */,
				DDE45CE12037E4110087E787 /* WBNetWorkManger+Extention.swift in Sources */,
				DDFDBD6520303E49002F9013 /* UIBarButtonItem+Extention.swift in Sources */,
				DD9D5D2D202ACCFB00C16CC4 /* WBBaseViewController.swift in Sources */,
				DDA474BA202FF5FE004EE6E3 /* WBDiscoverController.swift in Sources */,
				DDA37FF820406D7600BDD7A8 /* WBCommon.swift in Sources */,
			);
			runOnlyForDeploymentPostprocessing = 0;
		};
		DD9D5CE2202A93B300C16CC4 /* Sources */ = {
			isa = PBXSourcesBuildPhase;
			buildActionMask = 2147483647;
			files = (
				DD9D5CEB202A93B300C16CC4 /* WBTests.swift in Sources */,
			);
			runOnlyForDeploymentPostprocessing = 0;
		};
		DD9D5CED202A93B300C16CC4 /* Sources */ = {
			isa = PBXSourcesBuildPhase;
			buildActionMask = 2147483647;
			files = (
				DD9D5CF6202A93B300C16CC4 /* WBUITests.swift in Sources */,
			);
			runOnlyForDeploymentPostprocessing = 0;
		};
/* End PBXSourcesBuildPhase section */

/* Begin PBXTargetDependency section */
		DD9D5CE8202A93B300C16CC4 /* PBXTargetDependency */ = {
			isa = PBXTargetDependency;
			target = DD9D5CD1202A93B300C16CC4 /* WB */;
			targetProxy = DD9D5CE7202A93B300C16CC4 /* PBXContainerItemProxy */;
		};
		DD9D5CF3202A93B300C16CC4 /* PBXTargetDependency */ = {
			isa = PBXTargetDependency;
			target = DD9D5CD1202A93B300C16CC4 /* WB */;
			targetProxy = DD9D5CF2202A93B300C16CC4 /* PBXContainerItemProxy */;
		};
/* End PBXTargetDependency section */

/* Begin PBXVariantGroup section */
		DD9D5CDE202A93B300C16CC4 /* LaunchScreen.storyboard */ = {
			isa = PBXVariantGroup;
			children = (
				DD9D5CDF202A93B300C16CC4 /* Base */,
			);
			name = LaunchScreen.storyboard;
			sourceTree = "<group>";
		};
/* End PBXVariantGroup section */

/* Begin XCBuildConfiguration section */
		DD9D5CF8202A93B300C16CC4 /* Debug */ = {
			isa = XCBuildConfiguration;
			buildSettings = {
				ALWAYS_SEARCH_USER_PATHS = NO;
				CLANG_ANALYZER_NONNULL = YES;
				CLANG_ANALYZER_NUMBER_OBJECT_CONVERSION = YES_AGGRESSIVE;
				CLANG_CXX_LANGUAGE_STANDARD = "gnu++14";
				CLANG_CXX_LIBRARY = "libc++";
				CLANG_ENABLE_MODULES = YES;
				CLANG_ENABLE_OBJC_ARC = YES;
				CLANG_WARN_BLOCK_CAPTURE_AUTORELEASING = YES;
				CLANG_WARN_BOOL_CONVERSION = YES;
				CLANG_WARN_COMMA = YES;
				CLANG_WARN_CONSTANT_CONVERSION = YES;
				CLANG_WARN_DIRECT_OBJC_ISA_USAGE = YES_ERROR;
				CLANG_WARN_DOCUMENTATION_COMMENTS = YES;
				CLANG_WARN_EMPTY_BODY = YES;
				CLANG_WARN_ENUM_CONVERSION = YES;
				CLANG_WARN_INFINITE_RECURSION = YES;
				CLANG_WARN_INT_CONVERSION = YES;
				CLANG_WARN_NON_LITERAL_NULL_CONVERSION = YES;
				CLANG_WARN_OBJC_LITERAL_CONVERSION = YES;
				CLANG_WARN_OBJC_ROOT_CLASS = YES_ERROR;
				CLANG_WARN_RANGE_LOOP_ANALYSIS = YES;
				CLANG_WARN_STRICT_PROTOTYPES = YES;
				CLANG_WARN_SUSPICIOUS_MOVE = YES;
				CLANG_WARN_UNGUARDED_AVAILABILITY = YES_AGGRESSIVE;
				CLANG_WARN_UNREACHABLE_CODE = YES;
				CLANG_WARN__DUPLICATE_METHOD_MATCH = YES;
				CODE_SIGN_IDENTITY = "iPhone Developer";
				COPY_PHASE_STRIP = NO;
				DEBUG_INFORMATION_FORMAT = dwarf;
				ENABLE_STRICT_OBJC_MSGSEND = YES;
				ENABLE_TESTABILITY = YES;
				GCC_C_LANGUAGE_STANDARD = gnu11;
				GCC_DYNAMIC_NO_PIC = NO;
				GCC_NO_COMMON_BLOCKS = YES;
				GCC_OPTIMIZATION_LEVEL = 0;
				GCC_PREPROCESSOR_DEFINITIONS = (
					"DEBUG=1",
					"$(inherited)",
				);
				GCC_WARN_64_TO_32_BIT_CONVERSION = YES;
				GCC_WARN_ABOUT_RETURN_TYPE = YES_ERROR;
				GCC_WARN_UNDECLARED_SELECTOR = YES;
				GCC_WARN_UNINITIALIZED_AUTOS = YES_AGGRESSIVE;
				GCC_WARN_UNUSED_FUNCTION = YES;
				GCC_WARN_UNUSED_VARIABLE = YES;
				IPHONEOS_DEPLOYMENT_TARGET = 11.2;
				MTL_ENABLE_DEBUG_INFO = YES;
				ONLY_ACTIVE_ARCH = YES;
				SDKROOT = iphoneos;
				SWIFT_ACTIVE_COMPILATION_CONDITIONS = DEBUG;
				SWIFT_OPTIMIZATION_LEVEL = "-Onone";
			};
			name = Debug;
		};
		DD9D5CF9202A93B300C16CC4 /* Release */ = {
			isa = XCBuildConfiguration;
			buildSettings = {
				ALWAYS_SEARCH_USER_PATHS = NO;
				CLANG_ANALYZER_NONNULL = YES;
				CLANG_ANALYZER_NUMBER_OBJECT_CONVERSION = YES_AGGRESSIVE;
				CLANG_CXX_LANGUAGE_STANDARD = "gnu++14";
				CLANG_CXX_LIBRARY = "libc++";
				CLANG_ENABLE_MODULES = YES;
				CLANG_ENABLE_OBJC_ARC = YES;
				CLANG_WARN_BLOCK_CAPTURE_AUTORELEASING = YES;
				CLANG_WARN_BOOL_CONVERSION = YES;
				CLANG_WARN_COMMA = YES;
				CLANG_WARN_CONSTANT_CONVERSION = YES;
				CLANG_WARN_DIRECT_OBJC_ISA_USAGE = YES_ERROR;
				CLANG_WARN_DOCUMENTATION_COMMENTS = YES;
				CLANG_WARN_EMPTY_BODY = YES;
				CLANG_WARN_ENUM_CONVERSION = YES;
				CLANG_WARN_INFINITE_RECURSION = YES;
				CLANG_WARN_INT_CONVERSION = YES;
				CLANG_WARN_NON_LITERAL_NULL_CONVERSION = YES;
				CLANG_WARN_OBJC_LITERAL_CONVERSION = YES;
				CLANG_WARN_OBJC_ROOT_CLASS = YES_ERROR;
				CLANG_WARN_RANGE_LOOP_ANALYSIS = YES;
				CLANG_WARN_STRICT_PROTOTYPES = YES;
				CLANG_WARN_SUSPICIOUS_MOVE = YES;
				CLANG_WARN_UNGUARDED_AVAILABILITY = YES_AGGRESSIVE;
				CLANG_WARN_UNREACHABLE_CODE = YES;
				CLANG_WARN__DUPLICATE_METHOD_MATCH = YES;
				CODE_SIGN_IDENTITY = "iPhone Developer";
				COPY_PHASE_STRIP = NO;
				DEBUG_INFORMATION_FORMAT = "dwarf-with-dsym";
				ENABLE_NS_ASSERTIONS = NO;
				ENABLE_STRICT_OBJC_MSGSEND = YES;
				GCC_C_LANGUAGE_STANDARD = gnu11;
				GCC_NO_COMMON_BLOCKS = YES;
				GCC_WARN_64_TO_32_BIT_CONVERSION = YES;
				GCC_WARN_ABOUT_RETURN_TYPE = YES_ERROR;
				GCC_WARN_UNDECLARED_SELECTOR = YES;
				GCC_WARN_UNINITIALIZED_AUTOS = YES_AGGRESSIVE;
				GCC_WARN_UNUSED_FUNCTION = YES;
				GCC_WARN_UNUSED_VARIABLE = YES;
				IPHONEOS_DEPLOYMENT_TARGET = 11.2;
				MTL_ENABLE_DEBUG_INFO = NO;
				SDKROOT = iphoneos;
				SWIFT_OPTIMIZATION_LEVEL = "-Owholemodule";
				VALIDATE_PRODUCT = YES;
			};
			name = Release;
		};
		DD9D5CFB202A93B300C16CC4 /* Debug */ = {
			isa = XCBuildConfiguration;
			baseConfigurationReference = 48D870C9AB2B8C78545FEBC1 /* Pods-WB.debug.xcconfig */;
			buildSettings = {
				ASSETCATALOG_COMPILER_APPICON_NAME = AppIcon;
				ASSETCATALOG_COMPILER_LAUNCHIMAGE_NAME = LaunchImage;
				CLANG_ENABLE_MODULES = YES;
				"CODE_SIGN_IDENTITY[sdk=iphoneos*]" = "iPhone Distribution";
				CODE_SIGN_STYLE = Manual;
				DEVELOPMENT_TEAM = 852BN2UPEC;
				INFOPLIST_FILE = WB/Info.plist;
				IPHONEOS_DEPLOYMENT_TARGET = 10.0;
				LD_RUNPATH_SEARCH_PATHS = "$(inherited) @executable_path/Frameworks";
				PRODUCT_BUNDLE_IDENTIFIER = com.yangyangYY.com;
				PRODUCT_NAME = "$(TARGET_NAME)";
				PROVISIONING_PROFILE = "8b1872d2-8abd-4015-a6ef-23f143c432e0";
				PROVISIONING_PROFILE_SPECIFIER = Ict_Groupv_Ent;
				SWIFT_OBJC_BRIDGING_HEADER = "WB/Class/ViewModel((视图模型))/WB-Bridging-Header.h";
				SWIFT_OPTIMIZATION_LEVEL = "-Onone";
				SWIFT_VERSION = 4.0;
				TARGETED_DEVICE_FAMILY = 1;
			};
			name = Debug;
		};
		DD9D5CFC202A93B300C16CC4 /* Release */ = {
			isa = XCBuildConfiguration;
			baseConfigurationReference = 59B27E31F8A67A901E0BA951 /* Pods-WB.release.xcconfig */;
			buildSettings = {
				ASSETCATALOG_COMPILER_APPICON_NAME = AppIcon;
				ASSETCATALOG_COMPILER_LAUNCHIMAGE_NAME = LaunchImage;
				CLANG_ENABLE_MODULES = YES;
				"CODE_SIGN_IDENTITY[sdk=iphoneos*]" = "iPhone Distribution";
				CODE_SIGN_STYLE = Manual;
				DEVELOPMENT_TEAM = 852BN2UPEC;
				INFOPLIST_FILE = WB/Info.plist;
				IPHONEOS_DEPLOYMENT_TARGET = 10.0;
				LD_RUNPATH_SEARCH_PATHS = "$(inherited) @executable_path/Frameworks";
				PRODUCT_BUNDLE_IDENTIFIER = com.yangyangYY.com;
				PRODUCT_NAME = "$(TARGET_NAME)";
				PROVISIONING_PROFILE = "8b1872d2-8abd-4015-a6ef-23f143c432e0";
				PROVISIONING_PROFILE_SPECIFIER = Ict_Groupv_Ent;
				SWIFT_OBJC_BRIDGING_HEADER = "WB/Class/ViewModel((视图模型))/WB-Bridging-Header.h";
				SWIFT_VERSION = 4.0;
				TARGETED_DEVICE_FAMILY = 1;
			};
			name = Release;
		};
		DD9D5CFE202A93B300C16CC4 /* Debug */ = {
			isa = XCBuildConfiguration;
			buildSettings = {
				ALWAYS_EMBED_SWIFT_STANDARD_LIBRARIES = YES;
				BUNDLE_LOADER = "$(TEST_HOST)";
				CODE_SIGN_STYLE = Automatic;
				DEVELOPMENT_TEAM = 68S3U9TE8T;
				INFOPLIST_FILE = WBTests/Info.plist;
				LD_RUNPATH_SEARCH_PATHS = "$(inherited) @executable_path/Frameworks @loader_path/Frameworks";
				PRODUCT_BUNDLE_IDENTIFIER = royasoft.com.WBTests;
				PRODUCT_NAME = "$(TARGET_NAME)";
				SWIFT_VERSION = 4.0;
				TARGETED_DEVICE_FAMILY = "1,2";
				TEST_HOST = "$(BUILT_PRODUCTS_DIR)/WB.app/WB";
			};
			name = Debug;
		};
		DD9D5CFF202A93B300C16CC4 /* Release */ = {
			isa = XCBuildConfiguration;
			buildSettings = {
				ALWAYS_EMBED_SWIFT_STANDARD_LIBRARIES = YES;
				BUNDLE_LOADER = "$(TEST_HOST)";
				CODE_SIGN_STYLE = Automatic;
				DEVELOPMENT_TEAM = 68S3U9TE8T;
				INFOPLIST_FILE = WBTests/Info.plist;
				LD_RUNPATH_SEARCH_PATHS = "$(inherited) @executable_path/Frameworks @loader_path/Frameworks";
				PRODUCT_BUNDLE_IDENTIFIER = royasoft.com.WBTests;
				PRODUCT_NAME = "$(TARGET_NAME)";
				SWIFT_VERSION = 4.0;
				TARGETED_DEVICE_FAMILY = "1,2";
				TEST_HOST = "$(BUILT_PRODUCTS_DIR)/WB.app/WB";
			};
			name = Release;
		};
		DD9D5D01202A93B300C16CC4 /* Debug */ = {
			isa = XCBuildConfiguration;
			buildSettings = {
				ALWAYS_EMBED_SWIFT_STANDARD_LIBRARIES = YES;
				CODE_SIGN_STYLE = Automatic;
				DEVELOPMENT_TEAM = 68S3U9TE8T;
				INFOPLIST_FILE = WBUITests/Info.plist;
				LD_RUNPATH_SEARCH_PATHS = "$(inherited) @executable_path/Frameworks @loader_path/Frameworks";
				PRODUCT_BUNDLE_IDENTIFIER = royasoft.com.WBUITests;
				PRODUCT_NAME = "$(TARGET_NAME)";
				SWIFT_VERSION = 4.0;
				TARGETED_DEVICE_FAMILY = "1,2";
				TEST_TARGET_NAME = WB;
			};
			name = Debug;
		};
		DD9D5D02202A93B300C16CC4 /* Release */ = {
			isa = XCBuildConfiguration;
			buildSettings = {
				ALWAYS_EMBED_SWIFT_STANDARD_LIBRARIES = YES;
				CODE_SIGN_STYLE = Automatic;
				DEVELOPMENT_TEAM = 68S3U9TE8T;
				INFOPLIST_FILE = WBUITests/Info.plist;
				LD_RUNPATH_SEARCH_PATHS = "$(inherited) @executable_path/Frameworks @loader_path/Frameworks";
				PRODUCT_BUNDLE_IDENTIFIER = royasoft.com.WBUITests;
				PRODUCT_NAME = "$(TARGET_NAME)";
				SWIFT_VERSION = 4.0;
				TARGETED_DEVICE_FAMILY = "1,2";
				TEST_TARGET_NAME = WB;
			};
			name = Release;
		};
/* End XCBuildConfiguration section */

/* Begin XCConfigurationList section */
		DD9D5CCD202A93B300C16CC4 /* Build configuration list for PBXProject "WB" */ = {
			isa = XCConfigurationList;
			buildConfigurations = (
				DD9D5CF8202A93B300C16CC4 /* Debug */,
				DD9D5CF9202A93B300C16CC4 /* Release */,
			);
			defaultConfigurationIsVisible = 0;
			defaultConfigurationName = Release;
		};
		DD9D5CFA202A93B300C16CC4 /* Build configuration list for PBXNativeTarget "WB" */ = {
			isa = XCConfigurationList;
			buildConfigurations = (
				DD9D5CFB202A93B300C16CC4 /* Debug */,
				DD9D5CFC202A93B300C16CC4 /* Release */,
			);
			defaultConfigurationIsVisible = 0;
			defaultConfigurationName = Release;
		};
		DD9D5CFD202A93B300C16CC4 /* Build configuration list for PBXNativeTarget "WBTests" */ = {
			isa = XCConfigurationList;
			buildConfigurations = (
				DD9D5CFE202A93B300C16CC4 /* Debug */,
				DD9D5CFF202A93B300C16CC4 /* Release */,
			);
			defaultConfigurationIsVisible = 0;
			defaultConfigurationName = Release;
		};
		DD9D5D00202A93B300C16CC4 /* Build configuration list for PBXNativeTarget "WBUITests" */ = {
			isa = XCConfigurationList;
			buildConfigurations = (
				DD9D5D01202A93B300C16CC4 /* Debug */,
				DD9D5D02202A93B300C16CC4 /* Release */,
			);
			defaultConfigurationIsVisible = 0;
			defaultConfigurationName = Release;
		};
/* End XCConfigurationList section */
	};
	rootObject = DD9D5CCA202A93B300C16CC4 /* Project object */;
}
